
Microsoft Visual Studio Solution File, Format Version 12.00
# Visual Studio 15
VisualStudioVersion = 15.0.28307.421
MinimumVisualStudioVersion = 10.0.40219.1
Project("{FAE04EC0-301F-11D3-BF4B-00C04F79EFBC}") = "Build1", "Build1\Build1.csproj", "{2853FFD1-A000-4C3C-BC51-64C5399A4AD4}"
EndProject
Global
	GlobalSection(SolutionConfigurationPlatforms) = preSolution
		Debug|Any CPU = Debug|Any CPU
		Release|Any CPU = Release|Any CPU
	EndGlobalSection
	GlobalSection(ProjectConfigurationPlatforms) = postSolution
		{2853FFD1-A000-4C3C-BC51-64C5399A4AD4}.Debug|Any CPU.ActiveCfg = Debug|Any CPU
		{2853FFD1-A000-4C3C-BC51-64C5399A4AD4}.Debug|Any CPU.Build.0 = Debug|Any CPU
		{2853FFD1-A000-4C3C-BC51-64C5399A4AD4}.Release|Any CPU.ActiveCfg = Release|Any CPU
		{2853FFD1-A000-4C3C-BC51-64C5399A4AD4}.Release|Any CPU.Build.0 = Release|Any CPU
	EndGlobalSection
	GlobalSection(SolutionProperties) = preSolution
		HideSolutionNode = FALSE
	EndGlobalSection
	GlobalSection(ExtensibilityGlobals) = postSolution
		SolutionGuid = {790B8D04-E102-417A-8C2C-147AFB6A9601}
	EndGlobalSection
EndGlobal
